
Microsoft Visual Studio Solution File, Format Version 12.00
# Visual Studio Version 16
VisualStudioVersion = 16.0.32106.194
MinimumVisualStudioVersion = 10.0.40219.1
Project("{9A19103F-16F7-4668-BE54-9A1E7A4F7556}") = "IcosWebApiGenerics", "IcosWebApiGenerics\IcosWebApiGenerics.csproj", "{F354E344-37E7-470C-B2EB-5AF0F69B9DEA}"
EndProject
Global
	GlobalSection(SolutionConfigurationPlatforms) = preSolution
		Debug|Any CPU = Debug|Any CPU
		Release|Any CPU = Release|Any CPU
	EndGlobalSection
	GlobalSection(ProjectConfigurationPlatforms) = postSolution
		{F354E344-37E7-470C-B2EB-5AF0F69B9DEA}.Debug|Any CPU.ActiveCfg = Debug|Any CPU
		{F354E344-37E7-470C-B2EB-5AF0F69B9DEA}.Debug|Any CPU.Build.0 = Debug|Any CPU
		{F354E344-37E7-470C-B2EB-5AF0F69B9DEA}.Release|Any CPU.ActiveCfg = Release|Any CPU
		{F354E344-37E7-470C-B2EB-5AF0F69B9DEA}.Release|Any CPU.Build.0 = Release|Any CPU
	EndGlobalSection
	GlobalSection(SolutionProperties) = preSolution
		HideSolutionNode = FALSE
	EndGlobalSection
	GlobalSection(ExtensibilityGlobals) = postSolution
		SolutionGuid = {A02ADFBF-334B-478F-B9F9-A3B43B75E1AC}
	EndGlobalSection
EndGlobal
